// !$*UTF8*$!
{
	archiveVersion = 1;
	classes = {
	};
	objectVersion = 50;
	objects = {

/* Begin PBXBuildFile section */
		415950F520BDB4F300BFB81E /* AppDelegate.swift in Sources */ = {isa = PBXBuildFile; fileRef = 415950F420BDB4F300BFB81E /* AppDelegate.swift */; };
		415950F720BDB4F300BFB81E /* ViewController.swift in Sources */ = {isa = PBXBuildFile; fileRef = 415950F620BDB4F300BFB81E /* ViewController.swift */; };
		415950FA20BDB4F300BFB81E /* Main.storyboard in Resources */ = {isa = PBXBuildFile; fileRef = 415950F820BDB4F300BFB81E /* Main.storyboard */; };
		415950FC20BDB4F400BFB81E /* Assets.xcassets in Resources */ = {isa = PBXBuildFile; fileRef = 415950FB20BDB4F400BFB81E /* Assets.xcassets */; };
		415950FF20BDB4F400BFB81E /* LaunchScreen.storyboard in Resources */ = {isa = PBXBuildFile; fileRef = 415950FD20BDB4F400BFB81E /* LaunchScreen.storyboard */; };
		4159510A20BDB4F400BFB81E /* test_snapkitTests.swift in Sources */ = {isa = PBXBuildFile; fileRef = 4159510920BDB4F400BFB81E /* test_snapkitTests.swift */; };
		4159511520BDB4F400BFB81E /* test_snapkitUITests.swift in Sources */ = {isa = PBXBuildFile; fileRef = 4159511420BDB4F400BFB81E /* test_snapkitUITests.swift */; };
		70D04D0A368B1C926F7ACA89 /* Pods_test_snapkitTests.framework in Frameworks */ = {isa = PBXBuildFile; fileRef = CBFBFDC4D28A1F036C15C492 /* Pods_test_snapkitTests.framework */; };
		8C62B504EA576B8003D4D164 /* Pods_test_snapkitUITests.framework in Frameworks */ = {isa = PBXBuildFile; fileRef = 1CA956B3F6A9D1AFA1CFF9CD /* Pods_test_snapkitUITests.framework */; };
		B877BC5BAF944CA28B175339 /* Pods_test_snapkit.framework in Frameworks */ = {isa = PBXBuildFile; fileRef = F8D090F025E2CDA0A820BA20 /* Pods_test_snapkit.framework */; };
/* End PBXBuildFile section */

/* Begin PBXContainerItemProxy section */
		4159510620BDB4F400BFB81E /* PBXContainerItemProxy */ = {
			isa = PBXContainerItemProxy;
			containerPortal = 415950E920BDB4F300BFB81E /* Project object */;
			proxyType = 1;
			remoteGlobalIDString = 415950F020BDB4F300BFB81E;
			remoteInfo = test_snapkit;
		};
		4159511120BDB4F400BFB81E /* PBXContainerItemProxy */ = {
			isa = PBXContainerItemProxy;
			containerPortal = 415950E920BDB4F300BFB81E /* Project object */;
			proxyType = 1;
			remoteGlobalIDString = 415950F020BDB4F300BFB81E;
			remoteInfo = test_snapkit;
		};
/* End PBXContainerItemProxy section */

/* Begin PBXFileReference section */
		1CA956B3F6A9D1AFA1CFF9CD /* Pods_test_snapkitUITests.framework */ = {isa = PBXFileReference; explicitFileType = wrapper.framework; includeInIndex = 0; path = Pods_test_snapkitUITests.framework; sourceTree = BUILT_PRODUCTS_DIR; };
		2B24200E304F0FABEBE09948 /* Pods-test_snapkit.release.xcconfig */ = {isa = PBXFileReference; includeInIndex = 1; lastKnownFileType = text.xcconfig; name = "Pods-test_snapkit.release.xcconfig"; path = "Pods/Target Support Files/Pods-test_snapkit/Pods-test_snapkit.release.xcconfig"; sourceTree = "<group>"; };
		415950F120BDB4F300BFB81E /* test_snapkit.app */ = {isa = PBXFileReference; explicitFileType = wrapper.application; includeInIndex = 0; path = test_snapkit.app; sourceTree = BUILT_PRODUCTS_DIR; };
		415950F420BDB4F300BFB81E /* AppDelegate.swift */ = {isa = PBXFileReference; lastKnownFileType = sourcecode.swift; path = AppDelegate.swift; sourceTree = "<group>"; };
		415950F620BDB4F300BFB81E /* ViewController.swift */ = {isa = PBXFileReference; lastKnownFileType = sourcecode.swift; path = ViewController.swift; sourceTree = "<group>"; };
		415950F920BDB4F300BFB81E /* Base */ = {isa = PBXFileReference; lastKnownFileType = file.storyboard; name = Base; path = Base.lproj/Main.storyboard; sourceTree = "<group>"; };
		415950FB20BDB4F400BFB81E /* Assets.xcassets */ = {isa = PBXFileReference; lastKnownFileType = folder.assetcatalog; path = Assets.xcassets; sourceTree = "<group>"; };
		415950FE20BDB4F400BFB81E /* Base */ = {isa = PBXFileReference; lastKnownFileType = file.storyboard; name = Base; path = Base.lproj/LaunchScreen.storyboard; sourceTree = "<group>"; };
		4159510020BDB4F400BFB81E /* Info.plist */ = {isa = PBXFileReference; lastKnownFileType = text.plist.xml; path = Info.plist; sourceTree = "<group>"; };
		4159510520BDB4F400BFB81E /* test_snapkitTests.xctest */ = {isa = PBXFileReference; explicitFileType = wrapper.cfbundle; includeInIndex = 0; path = test_snapkitTests.xctest; sourceTree = BUILT_PRODUCTS_DIR; };
		4159510920BDB4F400BFB81E /* test_snapkitTests.swift */ = {isa = PBXFileReference; lastKnownFileType = sourcecode.swift; path = test_snapkitTests.swift; sourceTree = "<group>"; };
		4159510B20BDB4F400BFB81E /* Info.plist */ = {isa = PBXFileReference; lastKnownFileType = text.plist.xml; path = Info.plist; sourceTree = "<group>"; };
		4159511020BDB4F400BFB81E /* test_snapkitUITests.xctest */ = {isa = PBXFileReference; explicitFileType = wrapper.cfbundle; includeInIndex = 0; path = test_snapkitUITests.xctest; sourceTree = BUILT_PRODUCTS_DIR; };
		4159511420BDB4F400BFB81E /* test_snapkitUITests.swift */ = {isa = PBXFileReference; lastKnownFileType = sourcecode.swift; path = test_snapkitUITests.swift; sourceTree = "<group>"; };
		4159511620BDB4F400BFB81E /* Info.plist */ = {isa = PBXFileReference; lastKnownFileType = text.plist.xml; path = Info.plist; sourceTree = "<group>"; };
		47767398B002209A43F546B8 /* Pods-test_snapkitUITests.release.xcconfig */ = {isa = PBXFileReference; includeInIndex = 1; lastKnownFileType = text.xcconfig; name = "Pods-test_snapkitUITests.release.xcconfig"; path = "Pods/Target Support Files/Pods-test_snapkitUITests/Pods-test_snapkitUITests.release.xcconfig"; sourceTree = "<group>"; };
		4C74592F1FC4071A778F5323 /* Pods-test_snapkitUITests.debug.xcconfig */ = {isa = PBXFileReference; includeInIndex = 1; lastKnownFileType = text.xcconfig; name = "Pods-test_snapkitUITests.debug.xcconfig"; path = "Pods/Target Support Files/Pods-test_snapkitUITests/Pods-test_snapkitUITests.debug.xcconfig"; sourceTree = "<group>"; };
		95DD16B0D33F9E41E26D07A6 /* Pods-test_snapkitTests.debug.xcconfig */ = {isa = PBXFileReference; includeInIndex = 1; lastKnownFileType = text.xcconfig; name = "Pods-test_snapkitTests.debug.xcconfig"; path = "Pods/Target Support Files/Pods-test_snapkitTests/Pods-test_snapkitTests.debug.xcconfig"; sourceTree = "<group>"; };
		CA1732842980971CA4648F92 /* Pods-test_snapkit.debug.xcconfig */ = {isa = PBXFileReference; includeInIndex = 1; lastKnownFileType = text.xcconfig; name = "Pods-test_snapkit.debug.xcconfig"; path = "Pods/Target Support Files/Pods-test_snapkit/Pods-test_snapkit.debug.xcconfig"; sourceTree = "<group>"; };
		CBFBFDC4D28A1F036C15C492 /* Pods_test_snapkitTests.framework */ = {isa = PBXFileReference; explicitFileType = wrapper.framework; includeInIndex = 0; path = Pods_test_snapkitTests.framework; sourceTree = BUILT_PRODUCTS_DIR; };
		DE6FAFA49DB612FEAA8E40A8 /* Pods-test_snapkitTests.release.xcconfig */ = {isa = PBXFileReference; includeInIndex = 1; lastKnownFileType = text.xcconfig; name = "Pods-test_snapkitTests.release.xcconfig"; path = "Pods/Target Support Files/Pods-test_snapkitTests/Pods-test_snapkitTests.release.xcconfig"; sourceTree = "<group>"; };
		F8D090F025E2CDA0A820BA20 /* Pods_test_snapkit.framework */ = {isa = PBXFileReference; explicitFileType = wrapper.framework; includeInIndex = 0; path = Pods_test_snapkit.framework; sourceTree = BUILT_PRODUCTS_DIR; };
/* End PBXFileReference section */

/* Begin PBXFrameworksBuildPhase section */
		415950EE20BDB4F300BFB81E /* Frameworks */ = {
			isa = PBXFrameworksBuildPhase;
			buildActionMask = 2147483647;
			files = (
				B877BC5BAF944CA28B175339 /* Pods_test_snapkit.framework in Frameworks */,
			);
			runOnlyForDeploymentPostprocessing = 0;
		};
		4159510220BDB4F400BFB81E /* Frameworks */ = {
			isa = PBXFrameworksBuildPhase;
			buildActionMask = 2147483647;
			files = (
				70D04D0A368B1C926F7ACA89 /* Pods_test_snapkitTests.framework in Frameworks */,
			);
			runOnlyForDeploymentPostprocessing = 0;
		};
		4159510D20BDB4F400BFB81E /* Frameworks */ = {
			isa = PBXFrameworksBuildPhase;
			buildActionMask = 2147483647;
			files = (
				8C62B504EA576B8003D4D164 /* Pods_test_snapkitUITests.framework in Frameworks */,
			);
			runOnlyForDeploymentPostprocessing = 0;
		};
/* End PBXFrameworksBuildPhase section */

/* Begin PBXGroup section */
		111B15CE4BBAAC682EE31EB0 /* Frameworks */ = {
			isa = PBXGroup;
			children = (
				F8D090F025E2CDA0A820BA20 /* Pods_test_snapkit.framework */,
				CBFBFDC4D28A1F036C15C492 /* Pods_test_snapkitTests.framework */,
				1CA956B3F6A9D1AFA1CFF9CD /* Pods_test_snapkitUITests.framework */,
			);
			name = Frameworks;
			sourceTree = "<group>";
		};
		415950E820BDB4F300BFB81E = {
			isa = PBXGroup;
			children = (
				415950F320BDB4F300BFB81E /* test_snapkit */,
				4159510820BDB4F400BFB81E /* test_snapkitTests */,
				4159511320BDB4F400BFB81E /* test_snapkitUITests */,
				415950F220BDB4F300BFB81E /* Products */,
				D356284B7AED76E5F407A616 /* Pods */,
				111B15CE4BBAAC682EE31EB0 /* Frameworks */,
			);
			sourceTree = "<group>";
		};
		415950F220BDB4F300BFB81E /* Products */ = {
			isa = PBXGroup;
			children = (
				415950F120BDB4F300BFB81E /* test_snapkit.app */,
				4159510520BDB4F400BFB81E /* test_snapkitTests.xctest */,
				4159511020BDB4F400BFB81E /* test_snapkitUITests.xctest */,
			);
			name = Products;
			sourceTree = "<group>";
		};
		415950F320BDB4F300BFB81E /* test_snapkit */ = {
			isa = PBXGroup;
			children = (
				415950F420BDB4F300BFB81E /* AppDelegate.swift */,
				415950F620BDB4F300BFB81E /* ViewController.swift */,
				415950F820BDB4F300BFB81E /* Main.storyboard */,
				415950FB20BDB4F400BFB81E /* Assets.xcassets */,
				415950FD20BDB4F400BFB81E /* LaunchScreen.storyboard */,
				4159510020BDB4F400BFB81E /* Info.plist */,
			);
			path = test_snapkit;
			sourceTree = "<group>";
		};
		4159510820BDB4F400BFB81E /* test_snapkitTests */ = {
			isa = PBXGroup;
			children = (
				4159510920BDB4F400BFB81E /* test_snapkitTests.swift */,
				4159510B20BDB4F400BFB81E /* Info.plist */,
			);
			path = test_snapkitTests;
			sourceTree = "<group>";
		};
		4159511320BDB4F400BFB81E /* test_snapkitUITests */ = {
			isa = PBXGroup;
			children = (
				4159511420BDB4F400BFB81E /* test_snapkitUITests.swift */,
				4159511620BDB4F400BFB81E /* Info.plist */,
			);
			path = test_snapkitUITests;
			sourceTree = "<group>";
		};
		D356284B7AED76E5F407A616 /* Pods */ = {
			isa = PBXGroup;
			children = (
				CA1732842980971CA4648F92 /* Pods-test_snapkit.debug.xcconfig */,
				2B24200E304F0FABEBE09948 /* Pods-test_snapkit.release.xcconfig */,
				95DD16B0D33F9E41E26D07A6 /* Pods-test_snapkitTests.debug.xcconfig */,
				DE6FAFA49DB612FEAA8E40A8 /* Pods-test_snapkitTests.release.xcconfig */,
				4C74592F1FC4071A778F5323 /* Pods-test_snapkitUITests.debug.xcconfig */,
				47767398B002209A43F546B8 /* Pods-test_snapkitUITests.release.xcconfig */,
			);
			name = Pods;
			sourceTree = "<group>";
		};
/* End PBXGroup section */

/* Begin PBXNativeTarget section */
		415950F020BDB4F300BFB81E /* test_snapkit */ = {
			isa = PBXNativeTarget;
			buildConfigurationList = 4159511920BDB4F400BFB81E /* Build configuration list for PBXNativeTarget "test_snapkit" */;
			buildPhases = (
				9C0F0AB75622A5C23E836AE6 /* [CP] Check Pods Manifest.lock */,
				415950ED20BDB4F300BFB81E /* Sources */,
				415950EE20BDB4F300BFB81E /* Frameworks */,
				415950EF20BDB4F300BFB81E /* Resources */,
				2A0F7F65F61F2EDB3672969C /* [CP] Embed Pods Frameworks */,
				E85B4ED241C4518A7FE700EC /* [CP] Copy Pods Resources */,
			);
			buildRules = (
			);
			dependencies = (
			);
			name = test_snapkit;
			productName = test_snapkit;
			productReference = 415950F120BDB4F300BFB81E /* test_snapkit.app */;
			productType = "com.apple.product-type.application";
		};
		4159510420BDB4F400BFB81E /* test_snapkitTests */ = {
			isa = PBXNativeTarget;
			buildConfigurationList = 4159511C20BDB4F400BFB81E /* Build configuration list for PBXNativeTarget "test_snapkitTests" */;
			buildPhases = (
				A4A80BA7AFD7496F70D0277F /* [CP] Check Pods Manifest.lock */,
				4159510120BDB4F400BFB81E /* Sources */,
				4159510220BDB4F400BFB81E /* Frameworks */,
				4159510320BDB4F400BFB81E /* Resources */,
				B7993F120631FC904826B51C /* [CP] Embed Pods Frameworks */,
				2C2A7D4763053D5FA216803E /* [CP] Copy Pods Resources */,
			);
			buildRules = (
			);
			dependencies = (
				4159510720BDB4F400BFB81E /* PBXTargetDependency */,
			);
			name = test_snapkitTests;
			productName = test_snapkitTests;
			productReference = 4159510520BDB4F400BFB81E /* test_snapkitTests.xctest */;
			productType = "com.apple.product-type.bundle.unit-test";
		};
		4159510F20BDB4F400BFB81E /* test_snapkitUITests */ = {
			isa = PBXNativeTarget;
			buildConfigurationList = 4159511F20BDB4F400BFB81E /* Build configuration list for PBXNativeTarget "test_snapkitUITests" */;
			buildPhases = (
				8C56FACF249DE6B63D653360 /* [CP] Check Pods Manifest.lock */,
				4159510C20BDB4F400BFB81E /* Sources */,
				4159510D20BDB4F400BFB81E /* Frameworks */,
				4159510E20BDB4F400BFB81E /* Resources */,
				AB08511311D6A386F50749BA /* [CP] Embed Pods Frameworks */,
				A0E646E611E5B31F5FDA9ACF /* [CP] Copy Pods Resources */,
			);
			buildRules = (
			);
			dependencies = (
				4159511220BDB4F400BFB81E /* PBXTargetDependency */,
			);
			name = test_snapkitUITests;
			productName = test_snapkitUITests;
			productReference = 4159511020BDB4F400BFB81E /* test_snapkitUITests.xctest */;
			productType = "com.apple.product-type.bundle.ui-testing";
		};
/* End PBXNativeTarget section */

/* Begin PBXProject section */
		415950E920BDB4F300BFB81E /* Project object */ = {
			isa = PBXProject;
			attributes = {
				LastSwiftUpdateCheck = 0930;
				LastUpgradeCheck = 0930;
				ORGANIZATIONNAME = Aka;
				TargetAttributes = {
					415950F020BDB4F300BFB81E = {
						CreatedOnToolsVersion = 9.3.1;
					};
					4159510420BDB4F400BFB81E = {
						CreatedOnToolsVersion = 9.3.1;
						TestTargetID = 415950F020BDB4F300BFB81E;
					};
					4159510F20BDB4F400BFB81E = {
						CreatedOnToolsVersion = 9.3.1;
						TestTargetID = 415950F020BDB4F300BFB81E;
					};
				};
			};
			buildConfigurationList = 415950EC20BDB4F300BFB81E /* Build configuration list for PBXProject "test_snapkit" */;
			compatibilityVersion = "Xcode 9.3";
			developmentRegion = en;
			hasScannedForEncodings = 0;
			knownRegions = (
				en,
				Base,
			);
			mainGroup = 415950E820BDB4F300BFB81E;
			productRefGroup = 415950F220BDB4F300BFB81E /* Products */;
			projectDirPath = "";
			projectRoot = "";
			targets = (
				415950F020BDB4F300BFB81E /* test_snapkit */,
				4159510420BDB4F400BFB81E /* test_snapkitTests */,
				4159510F20BDB4F400BFB81E /* test_snapkitUITests */,
			);
		};
/* End PBXProject section */

/* Begin PBXResourcesBuildPhase section */
		415950EF20BDB4F300BFB81E /* Resources */ = {
			isa = PBXResourcesBuildPhase;
			buildActionMask = 2147483647;
			files = (
				415950FF20BDB4F400BFB81E /* LaunchScreen.storyboard in Resources */,
				415950FC20BDB4F400BFB81E /* Assets.xcassets in Resources */,
				415950FA20BDB4F300BFB81E /* Main.storyboard in Resources */,
			);
			runOnlyForDeploymentPostprocessing = 0;
		};
		4159510320BDB4F400BFB81E /* Resources */ = {
			isa = PBXResourcesBuildPhase;
			buildActionMask = 2147483647;
			files = (
			);
			runOnlyForDeploymentPostprocessing = 0;
		};
		4159510E20BDB4F400BFB81E /* Resources */ = {
			isa = PBXResourcesBuildPhase;
			buildActionMask = 2147483647;
			files = (
			);
			runOnlyForDeploymentPostprocessing = 0;
		};
/* End PBXResourcesBuildPhase section */

/* Begin PBXShellScriptBuildPhase section */
		2A0F7F65F61F2EDB3672969C /* [CP] Embed Pods Frameworks */ = {
			isa = PBXShellScriptBuildPhase;
			buildActionMask = 2147483647;
			files = (
			);
			inputPaths = (
			);
			name = "[CP] Embed Pods Frameworks";
			outputPaths = (
			);
			runOnlyForDeploymentPostprocessing = 0;
			shellPath = /bin/sh;
			shellScript = "\"${SRCROOT}/Pods/Target Support Files/Pods-test_snapkit/Pods-test_snapkit-frameworks.sh\"\n";
			showEnvVarsInLog = 0;
		};
		2C2A7D4763053D5FA216803E /* [CP] Copy Pods Resources */ = {
			isa = PBXShellScriptBuildPhase;
			buildActionMask = 2147483647;
			files = (
			);
			inputPaths = (
			);
			name = "[CP] Copy Pods Resources";
			outputPaths = (
			);
			runOnlyForDeploymentPostprocessing = 0;
			shellPath = /bin/sh;
			shellScript = "\"${SRCROOT}/Pods/Target Support Files/Pods-test_snapkitTests/Pods-test_snapkitTests-resources.sh\"\n";
			showEnvVarsInLog = 0;
		};
		8C56FACF249DE6B63D653360 /* [CP] Check Pods Manifest.lock */ = {
			isa = PBXShellScriptBuildPhase;
			buildActionMask = 2147483647;
			files = (
			);
			inputPaths = (
			);
			name = "[CP] Check Pods Manifest.lock";
			outputPaths = (
			);
			runOnlyForDeploymentPostprocessing = 0;
			shellPath = /bin/sh;
			shellScript = "diff \"${PODS_PODFILE_DIR_PATH}/Podfile.lock\" \"${PODS_ROOT}/Manifest.lock\" > /dev/null\nif [ $? != 0 ] ; then\n    # print error to STDERR\n    echo \"error: The sandbox is not in sync with the Podfile.lock. Run 'pod install' or update your CocoaPods installation.\" >&2\n    exit 1\nfi\n";
			showEnvVarsInLog = 0;
		};
		9C0F0AB75622A5C23E836AE6 /* [CP] Check Pods Manifest.lock */ = {
			isa = PBXShellScriptBuildPhase;
			buildActionMask = 2147483647;
			files = (
			);
			inputPaths = (
			);
			name = "[CP] Check Pods Manifest.lock";
			outputPaths = (
			);
			runOnlyForDeploymentPostprocessing = 0;
			shellPath = /bin/sh;
			shellScript = "diff \"${PODS_PODFILE_DIR_PATH}/Podfile.lock\" \"${PODS_ROOT}/Manifest.lock\" > /dev/null\nif [ $? != 0 ] ; then\n    # print error to STDERR\n    echo \"error: The sandbox is not in sync with the Podfile.lock. Run 'pod install' or update your CocoaPods installation.\" >&2\n    exit 1\nfi\n";
			showEnvVarsInLog = 0;
		};
		A0E646E611E5B31F5FDA9ACF /* [CP] Copy Pods Resources */ = {
			isa = PBXShellScriptBuildPhase;
			buildActionMask = 2147483647;
			files = (
			);
			inputPaths = (
			);
			name = "[CP] Copy Pods Resources";
			outputPaths = (
			);
			runOnlyForDeploymentPostprocessing = 0;
			shellPath = /bin/sh;
			shellScript = "\"${SRCROOT}/Pods/Target Support Files/Pods-test_snapkitUITests/Pods-test_snapkitUITests-resources.sh\"\n";
			showEnvVarsInLog = 0;
		};
		A4A80BA7AFD7496F70D0277F /* [CP] Check Pods Manifest.lock */ = {
			isa = PBXShellScriptBuildPhase;
			buildActionMask = 2147483647;
			files = (
			);
			inputPaths = (
			);
			name = "[CP] Check Pods Manifest.lock";
			outputPaths = (
			);
			runOnlyForDeploymentPostprocessing = 0;
			shellPath = /bin/sh;
			shellScript = "diff \"${PODS_PODFILE_DIR_PATH}/Podfile.lock\" \"${PODS_ROOT}/Manifest.lock\" > /dev/null\nif [ $? != 0 ] ; then\n    # print error to STDERR\n    echo \"error: The sandbox is not in sync with the Podfile.lock. Run 'pod install' or update your CocoaPods installation.\" >&2\n    exit 1\nfi\n";
			showEnvVarsInLog = 0;
		};
		AB08511311D6A386F50749BA /* [CP] Embed Pods Frameworks */ = {
			isa = PBXShellScriptBuildPhase;
			buildActionMask = 2147483647;
			files = (
			);
			inputPaths = (
			);
			name = "[CP] Embed Pods Frameworks";
			outputPaths = (
			);
			runOnlyForDeploymentPostprocessing = 0;
			shellPath = /bin/sh;
			shellScript = "\"${SRCROOT}/Pods/Target Support Files/Pods-test_snapkitUITests/Pods-test_snapkitUITests-frameworks.sh\"\n";
			showEnvVarsInLog = 0;
		};
		B7993F120631FC904826B51C /* [CP] Embed Pods Frameworks */ = {
			isa = PBXShellScriptBuildPhase;
			buildActionMask = 2147483647;
			files = (
			);
			inputPaths = (
			);
			name = "[CP] Embed Pods Frameworks";
			outputPaths = (
			);
			runOnlyForDeploymentPostprocessing = 0;
			shellPath = /bin/sh;
			shellScript = "\"${SRCROOT}/Pods/Target Support Files/Pods-test_snapkitTests/Pods-test_snapkitTests-frameworks.sh\"\n";
			showEnvVarsInLog = 0;
		};
		E85B4ED241C4518A7FE700EC /* [CP] Copy Pods Resources */ = {
			isa = PBXShellScriptBuildPhase;
			buildActionMask = 2147483647;
			files = (
			);
			inputPaths = (
			);
			name = "[CP] Copy Pods Resources";
			outputPaths = (
			);
			runOnlyForDeploymentPostprocessing = 0;
			shellPath = /bin/sh;
			shellScript = "\"${SRCROOT}/Pods/Target Support Files/Pods-test_snapkit/Pods-test_snapkit-resources.sh\"\n";
			showEnvVarsInLog = 0;
		};
/* End PBXShellScriptBuildPhase section */

/* Begin PBXSourcesBuildPhase section */
		415950ED20BDB4F300BFB81E /* Sources */ = {
			isa = PBXSourcesBuildPhase;
			buildActionMask = 2147483647;
			files = (
				415950F720BDB4F300BFB81E /* ViewController.swift in Sources */,
				415950F520BDB4F300BFB81E /* AppDelegate.swift in Sources */,
			);
			runOnlyForDeploymentPostprocessing = 0;
		};
		4159510120BDB4F400BFB81E /* Sources */ = {
			isa = PBXSourcesBuildPhase;
			buildActionMask = 2147483647;
			files = (
				4159510A20BDB4F400BFB81E /* test_snapkitTests.swift in Sources */,
			);
			runOnlyForDeploymentPostprocessing = 0;
		};
		4159510C20BDB4F400BFB81E /* Sources */ = {
			isa = PBXSourcesBuildPhase;
			buildActionMask = 2147483647;
			files = (
				4159511520BDB4F400BFB81E /* test_snapkitUITests.swift in Sources */,
			);
			runOnlyForDeploymentPostprocessing = 0;
		};
/* End PBXSourcesBuildPhase section */

/* Begin PBXTargetDependency section */
		4159510720BDB4F400BFB81E /* PBXTargetDependency */ = {
			isa = PBXTargetDependency;
			target = 415950F020BDB4F300BFB81E /* test_snapkit */;
			targetProxy = 4159510620BDB4F400BFB81E /* PBXContainerItemProxy */;
		};
		4159511220BDB4F400BFB81E /* PBXTargetDependency */ = {
			isa = PBXTargetDependency;
			target = 415950F020BDB4F300BFB81E /* test_snapkit */;
			targetProxy = 4159511120BDB4F400BFB81E /* PBXContainerItemProxy */;
		};
/* End PBXTargetDependency section */

/* Begin PBXVariantGroup section */
		415950F820BDB4F300BFB81E /* Main.storyboard */ = {
			isa = PBXVariantGroup;
			children = (
				415950F920BDB4F300BFB81E /* Base */,
			);
			name = Main.storyboard;
			sourceTree = "<group>";
		};
		415950FD20BDB4F400BFB81E /* LaunchScreen.storyboard */ = {
			isa = PBXVariantGroup;
			children = (
				415950FE20BDB4F400BFB81E /* Base */,
			);
			name = LaunchScreen.storyboard;
			sourceTree = "<group>";
		};
/* End PBXVariantGroup section */

/* Begin XCBuildConfiguration section */
		4159511720BDB4F400BFB81E /* Debug */ = {
			isa = XCBuildConfiguration;
			buildSettings = {
				ALWAYS_SEARCH_USER_PATHS = NO;
				CLANG_ANALYZER_NONNULL = YES;
				CLANG_ANALYZER_NUMBER_OBJECT_CONVERSION = YES_AGGRESSIVE;
				CLANG_CXX_LANGUAGE_STANDARD = "gnu++14";
				CLANG_CXX_LIBRARY = "libc++";
				CLANG_ENABLE_MODULES = YES;
				CLANG_ENABLE_OBJC_ARC = YES;
				CLANG_ENABLE_OBJC_WEAK = YES;
				CLANG_WARN_BLOCK_CAPTURE_AUTORELEASING = YES;
				CLANG_WARN_BOOL_CONVERSION = YES;
				CLANG_WARN_COMMA = YES;
				CLANG_WARN_CONSTANT_CONVERSION = YES;
				CLANG_WARN_DEPRECATED_OBJC_IMPLEMENTATIONS = YES;
				CLANG_WARN_DIRECT_OBJC_ISA_USAGE = YES_ERROR;
				CLANG_WARN_DOCUMENTATION_COMMENTS = YES;
				CLANG_WARN_EMPTY_BODY = YES;
				CLANG_WARN_ENUM_CONVERSION = YES;
				CLANG_WARN_INFINITE_RECURSION = YES;
				CLANG_WARN_INT_CONVERSION = YES;
				CLANG_WARN_NON_LITERAL_NULL_CONVERSION = YES;
				CLANG_WARN_OBJC_IMPLICIT_RETAIN_SELF = YES;
				CLANG_WARN_OBJC_LITERAL_CONVERSION = YES;
				CLANG_WARN_OBJC_ROOT_CLASS = YES_ERROR;
				CLANG_WARN_RANGE_LOOP_ANALYSIS = YES;
				CLANG_WARN_STRICT_PROTOTYPES = YES;
				CLANG_WARN_SUSPICIOUS_MOVE = YES;
				CLANG_WARN_UNGUARDED_AVAILABILITY = YES_AGGRESSIVE;
				CLANG_WARN_UNREACHABLE_CODE = YES;
				CLANG_WARN__DUPLICATE_METHOD_MATCH = YES;
				CODE_SIGN_IDENTITY = "iPhone Developer";
				COPY_PHASE_STRIP = NO;
				DEBUG_INFORMATION_FORMAT = dwarf;
				ENABLE_STRICT_OBJC_MSGSEND = YES;
				ENABLE_TESTABILITY = YES;
				GCC_C_LANGUAGE_STANDARD = gnu11;
				GCC_DYNAMIC_NO_PIC = NO;
				GCC_NO_COMMON_BLOCKS = YES;
				GCC_OPTIMIZATION_LEVEL = 0;
				GCC_PREPROCESSOR_DEFINITIONS = (
					"DEBUG=1",
					"$(inherited)",
				);
				GCC_WARN_64_TO_32_BIT_CONVERSION = YES;
				GCC_WARN_ABOUT_RETURN_TYPE = YES_ERROR;
				GCC_WARN_UNDECLARED_SELECTOR = YES;
				GCC_WARN_UNINITIALIZED_AUTOS = YES_AGGRESSIVE;
				GCC_WARN_UNUSED_FUNCTION = YES;
				GCC_WARN_UNUSED_VARIABLE = YES;
				IPHONEOS_DEPLOYMENT_TARGET = 11.3;
				MTL_ENABLE_DEBUG_INFO = YES;
				ONLY_ACTIVE_ARCH = YES;
				SDKROOT = iphoneos;
				SWIFT_ACTIVE_COMPILATION_CONDITIONS = DEBUG;
				SWIFT_OPTIMIZATION_LEVEL = "-Onone";
			};
			name = Debug;
		};
		4159511820BDB4F400BFB81E /* Release */ = {
			isa = XCBuildConfiguration;
			buildSettings = {
				ALWAYS_SEARCH_USER_PATHS = NO;
				CLANG_ANALYZER_NONNULL = YES;
				CLANG_ANALYZER_NUMBER_OBJECT_CONVERSION = YES_AGGRESSIVE;
				CLANG_CXX_LANGUAGE_STANDARD = "gnu++14";
				CLANG_CXX_LIBRARY = "libc++";
				CLANG_ENABLE_MODULES = YES;
				CLANG_ENABLE_OBJC_ARC = YES;
				CLANG_ENABLE_OBJC_WEAK = YES;
				CLANG_WARN_BLOCK_CAPTURE_AUTORELEASING = YES;
				CLANG_WARN_BOOL_CONVERSION = YES;
				CLANG_WARN_COMMA = YES;
				CLANG_WARN_CONSTANT_CONVERSION = YES;
				CLANG_WARN_DEPRECATED_OBJC_IMPLEMENTATIONS = YES;
				CLANG_WARN_DIRECT_OBJC_ISA_USAGE = YES_ERROR;
				CLANG_WARN_DOCUMENTATION_COMMENTS = YES;
				CLANG_WARN_EMPTY_BODY = YES;
				CLANG_WARN_ENUM_CONVERSION = YES;
				CLANG_WARN_INFINITE_RECURSION = YES;
				CLANG_WARN_INT_CONVERSION = YES;
				CLANG_WARN_NON_LITERAL_NULL_CONVERSION = YES;
				CLANG_WARN_OBJC_IMPLICIT_RETAIN_SELF = YES;
				CLANG_WARN_OBJC_LITERAL_CONVERSION = YES;
				CLANG_WARN_OBJC_ROOT_CLASS = YES_ERROR;
				CLANG_WARN_RANGE_LOOP_ANALYSIS = YES;
				CLANG_WARN_STRICT_PROTOTYPES = YES;
				CLANG_WARN_SUSPICIOUS_MOVE = YES;
				CLANG_WARN_UNGUARDED_AVAILABILITY = YES_AGGRESSIVE;
				CLANG_WARN_UNREACHABLE_CODE = YES;
				CLANG_WARN__DUPLICATE_METHOD_MATCH = YES;
				CODE_SIGN_IDENTITY = "iPhone Developer";
				COPY_PHASE_STRIP = NO;
				DEBUG_INFORMATION_FORMAT = "dwarf-with-dsym";
				ENABLE_NS_ASSERTIONS = NO;
				ENABLE_STRICT_OBJC_MSGSEND = YES;
				GCC_C_LANGUAGE_STANDARD = gnu11;
				GCC_NO_COMMON_BLOCKS = YES;
				GCC_WARN_64_TO_32_BIT_CONVERSION = YES;
				GCC_WARN_ABOUT_RETURN_TYPE = YES_ERROR;
				GCC_WARN_UNDECLARED_SELECTOR = YES;
				GCC_WARN_UNINITIALIZED_AUTOS = YES_AGGRESSIVE;
				GCC_WARN_UNUSED_FUNCTION = YES;
				GCC_WARN_UNUSED_VARIABLE = YES;
				IPHONEOS_DEPLOYMENT_TARGET = 11.3;
				MTL_ENABLE_DEBUG_INFO = NO;
				SDKROOT = iphoneos;
				SWIFT_COMPILATION_MODE = wholemodule;
				SWIFT_OPTIMIZATION_LEVEL = "-O";
				VALIDATE_PRODUCT = YES;
			};
			name = Release;
		};
		4159511A20BDB4F400BFB81E /* Debug */ = {
			isa = XCBuildConfiguration;
			baseConfigurationReference = CA1732842980971CA4648F92 /* Pods-test_snapkit.debug.xcconfig */;
			buildSettings = {
				ASSETCATALOG_COMPILER_APPICON_NAME = AppIcon;
				CODE_SIGN_STYLE = Automatic;
				DEVELOPMENT_TEAM = D2XBEJ6876;
				INFOPLIST_FILE = test_snapkit/Info.plist;
				LD_RUNPATH_SEARCH_PATHS = "$(inherited) @executable_path/Frameworks";
				PRODUCT_BUNDLE_IDENTIFIER = "com.music.linyu.test-snapkit";
				PRODUCT_NAME = "$(TARGET_NAME)";
				SWIFT_VERSION = 4.0;
				TARGETED_DEVICE_FAMILY = "1,2";
			};
			name = Debug;
		};
		4159511B20BDB4F400BFB81E /* Release */ = {
			isa = XCBuildConfiguration;
			baseConfigurationReference = 2B24200E304F0FABEBE09948 /* Pods-test_snapkit.release.xcconfig */;
			buildSettings = {
				ASSETCATALOG_COMPILER_APPICON_NAME = AppIcon;
				CODE_SIGN_STYLE = Automatic;
				DEVELOPMENT_TEAM = D2XBEJ6876;
				INFOPLIST_FILE = test_snapkit/Info.plist;
				LD_RUNPATH_SEARCH_PATHS = "$(inherited) @executable_path/Frameworks";
				PRODUCT_BUNDLE_IDENTIFIER = "com.music.linyu.test-snapkit";
				PRODUCT_NAME = "$(TARGET_NAME)";
				SWIFT_VERSION = 4.0;
				TARGETED_DEVICE_FAMILY = "1,2";
			};
			name = Release;
		};
		4159511D20BDB4F400BFB81E /* Debug */ = {
			isa = XCBuildConfiguration;
			baseConfigurationReference = 95DD16B0D33F9E41E26D07A6 /* Pods-test_snapkitTests.debug.xcconfig */;
			buildSettings = {
				ALWAYS_EMBED_SWIFT_STANDARD_LIBRARIES = YES;
				BUNDLE_LOADER = "$(TEST_HOST)";
				CODE_SIGN_STYLE = Automatic;
				DEVELOPMENT_TEAM = D2XBEJ6876;
				INFOPLIST_FILE = test_snapkitTests/Info.plist;
				LD_RUNPATH_SEARCH_PATHS = "$(inherited) @executable_path/Frameworks @loader_path/Frameworks";
				PRODUCT_BUNDLE_IDENTIFIER = "com.music.linyu.test-snapkitTests";
				PRODUCT_NAME = "$(TARGET_NAME)";
				SWIFT_VERSION = 4.0;
				TARGETED_DEVICE_FAMILY = "1,2";
				TEST_HOST = "$(BUILT_PRODUCTS_DIR)/test_snapkit.app/test_snapkit";
			};
			name = Debug;
		};
		4159511E20BDB4F400BFB81E /* Release */ = {
			isa = XCBuildConfiguration;
			baseConfigurationReference = DE6FAFA49DB612FEAA8E40A8 /* Pods-test_snapkitTests.release.xcconfig */;
			buildSettings = {
				ALWAYS_EMBED_SWIFT_STANDARD_LIBRARIES = YES;
				BUNDLE_LOADER = "$(TEST_HOST)";
				CODE_SIGN_STYLE = Automatic;
				DEVELOPMENT_TEAM = D2XBEJ6876;
				INFOPLIST_FILE = test_snapkitTests/Info.plist;
				LD_RUNPATH_SEARCH_PATHS = "$(inherited) @executable_path/Frameworks @loader_path/Frameworks";
				PRODUCT_BUNDLE_IDENTIFIER = "com.music.linyu.test-snapkitTests";
				PRODUCT_NAME = "$(TARGET_NAME)";
				SWIFT_VERSION = 4.0;
				TARGETED_DEVICE_FAMILY = "1,2";
				TEST_HOST = "$(BUILT_PRODUCTS_DIR)/test_snapkit.app/test_snapkit";
			};
			name = Release;
		};
		4159512020BDB4F400BFB81E /* Debug */ = {
			isa = XCBuildConfiguration;
			baseConfigurationReference = 4C74592F1FC4071A778F5323 /* Pods-test_snapkitUITests.debug.xcconfig */;
			buildSettings = {
				ALWAYS_EMBED_SWIFT_STANDARD_LIBRARIES = YES;
				CODE_SIGN_STYLE = Automatic;
				DEVELOPMENT_TEAM = D2XBEJ6876;
				INFOPLIST_FILE = test_snapkitUITests/Info.plist;
				LD_RUNPATH_SEARCH_PATHS = "$(inherited) @executable_path/Frameworks @loader_path/Frameworks";
				PRODUCT_BUNDLE_IDENTIFIER = "com.music.linyu.test-snapkitUITests";
				PRODUCT_NAME = "$(TARGET_NAME)";
				SWIFT_VERSION = 4.0;
				TARGETED_DEVICE_FAMILY = "1,2";
				TEST_TARGET_NAME = test_snapkit;
			};
			name = Debug;
		};
		4159512120BDB4F400BFB81E /* Release */ = {
			isa = XCBuildConfiguration;
			baseConfigurationReference = 47767398B002209A43F546B8 /* Pods-test_snapkitUITests.release.xcconfig */;
			buildSettings = {
				ALWAYS_EMBED_SWIFT_STANDARD_LIBRARIES = YES;
				CODE_SIGN_STYLE = Automatic;
				DEVELOPMENT_TEAM = D2XBEJ6876;
				INFOPLIST_FILE = test_snapkitUITests/Info.plist;
				LD_RUNPATH_SEARCH_PATHS = "$(inherited) @executable_path/Frameworks @loader_path/Frameworks";
				PRODUCT_BUNDLE_IDENTIFIER = "com.music.linyu.test-snapkitUITests";
				PRODUCT_NAME = "$(TARGET_NAME)";
				SWIFT_VERSION = 4.0;
				TARGETED_DEVICE_FAMILY = "1,2";
				TEST_TARGET_NAME = test_snapkit;
			};
			name = Release;
		};
/* End XCBuildConfiguration section */

/* Begin XCConfigurationList section */
		415950EC20BDB4F300BFB81E /* Build configuration list for PBXProject "test_snapkit" */ = {
			isa = XCConfigurationList;
			buildConfigurations = (
				4159511720BDB4F400BFB81E /* Debug */,
				4159511820BDB4F400BFB81E /* Release */,
			);
			defaultConfigurationIsVisible = 0;
			defaultConfigurationName = Release;
		};
		4159511920BDB4F400BFB81E /* Build configuration list for PBXNativeTarget "test_snapkit" */ = {
			isa = XCConfigurationList;
			buildConfigurations = (
				4159511A20BDB4F400BFB81E /* Debug */,
				4159511B20BDB4F400BFB81E /* Release */,
			);
			defaultConfigurationIsVisible = 0;
			defaultConfigurationName = Release;
		};
		4159511C20BDB4F400BFB81E /* Build configuration list for PBXNativeTarget "test_snapkitTests" */ = {
			isa = XCConfigurationList;
			buildConfigurations = (
				4159511D20BDB4F400BFB81E /* Debug */,
				4159511E20BDB4F400BFB81E /* Release */,
			);
			defaultConfigurationIsVisible = 0;
			defaultConfigurationName = Release;
		};
		4159511F20BDB4F400BFB81E /* Build configuration list for PBXNativeTarget "test_snapkitUITests" */ = {
			isa = XCConfigurationList;
			buildConfigurations = (
				4159512020BDB4F400BFB81E /* Debug */,
				4159512120BDB4F400BFB81E /* Release */,
			);
			defaultConfigurationIsVisible = 0;
			defaultConfigurationName = Release;
		};
/* End XCConfigurationList section */
	};
	rootObject = 415950E920BDB4F300BFB81E /* Project object */;
}
